{
  "requires": true,
  "lockfileVersion": 1,
  "dependencies": {
    "node": {
      "version": "12.16.1",
      "resolved": "https://registry.npm.taobao.org/node/download/node-12.16.1.tgz",
      "integrity": "sha1-Hzw1P2vUH0qTFJCV9Fw3RgzSDLI=",
      "requires": {
        "node-bin-setup": "^1.0.0"
      }
    },
    "node-bin-setup": {
      "version": "1.0.6",
      "resolved": "https://registry.npm.taobao.org/node-bin-setup/download/node-bin-setup-1.0.6.tgz",
      "integrity": "sha1-S1ybuTfs5wLXBps2ynivRoRndSg="
    }
  }
}
